
Microsoft Visual Studio Solution File, Format Version 12.00
# Visual Studio Version 17
VisualStudioVersion = 17.4.33122.133
MinimumVisualStudioVersion = 10.0.40219.1
Project("{FAE04EC0-301F-11D3-BF4B-00C04F79EFBC}") = "Common_Characters", "Common_Characters.csproj", "{6E5079F5-6D3B-4E80-9BA2-CC1B62D75DFA}"
EndProject
Global
	GlobalSection(SolutionConfigurationPlatforms) = preSolution
		Debug|Any CPU = Debug|Any CPU
		Release|Any CPU = Release|Any CPU
	EndGlobalSection
	GlobalSection(ProjectConfigurationPlatforms) = postSolution
		{6E5079F5-6D3B-4E80-9BA2-CC1B62D75DFA}.Debug|Any CPU.ActiveCfg = Debug|Any CPU
		{6E5079F5-6D3B-4E80-9BA2-CC1B62D75DFA}.Debug|Any CPU.Build.0 = Debug|Any CPU
		{6E5079F5-6D3B-4E80-9BA2-CC1B62D75DFA}.Release|Any CPU.ActiveCfg = Release|Any CPU
		{6E5079F5-6D3B-4E80-9BA2-CC1B62D75DFA}.Release|Any CPU.Build.0 = Release|Any CPU
	EndGlobalSection
	GlobalSection(SolutionProperties) = preSolution
		HideSolutionNode = FALSE
	EndGlobalSection
	GlobalSection(ExtensibilityGlobals) = postSolution
		SolutionGuid = {00A4A1CA-6FA8-4204-B133-1F017EE80243}
	EndGlobalSection
EndGlobal
