
Microsoft Visual Studio Solution File, Format Version 12.00
# Visual Studio Version 17
VisualStudioVersion = 17.4.33122.133
MinimumVisualStudioVersion = 10.0.40219.1
Project("{FAE04EC0-301F-11D3-BF4B-00C04F79EFBC}") = "MinimumIndexSumOfTwoLists", "MinimumIndexSumOfTwoLists.csproj", "{47CFB8A2-EB7A-4853-A1F1-C72D2928FFBC}"
EndProject
Global
	GlobalSection(SolutionConfigurationPlatforms) = preSolution
		Debug|Any CPU = Debug|Any CPU
		Release|Any CPU = Release|Any CPU
	EndGlobalSection
	GlobalSection(ProjectConfigurationPlatforms) = postSolution
		{47CFB8A2-EB7A-4853-A1F1-C72D2928FFBC}.Debug|Any CPU.ActiveCfg = Debug|Any CPU
		{47CFB8A2-EB7A-4853-A1F1-C72D2928FFBC}.Debug|Any CPU.Build.0 = Debug|Any CPU
		{47CFB8A2-EB7A-4853-A1F1-C72D2928FFBC}.Release|Any CPU.ActiveCfg = Release|Any CPU
		{47CFB8A2-EB7A-4853-A1F1-C72D2928FFBC}.Release|Any CPU.Build.0 = Release|Any CPU
	EndGlobalSection
	GlobalSection(SolutionProperties) = preSolution
		HideSolutionNode = FALSE
	EndGlobalSection
	GlobalSection(ExtensibilityGlobals) = postSolution
		SolutionGuid = {2C767CE9-CED8-4AC8-BE8E-8583E50D4201}
	EndGlobalSection
EndGlobal
