
Microsoft Visual Studio Solution File, Format Version 12.00
# Visual Studio Version 17
VisualStudioVersion = 17.4.33122.133
MinimumVisualStudioVersion = 10.0.40219.1
Project("{FAE04EC0-301F-11D3-BF4B-00C04F79EFBC}") = "MinimumDepth", "MinimumDepth.csproj", "{4EE83A25-D812-4573-8400-67FC4B933AFB}"
EndProject
Global
	GlobalSection(SolutionConfigurationPlatforms) = preSolution
		Debug|Any CPU = Debug|Any CPU
		Release|Any CPU = Release|Any CPU
	EndGlobalSection
	GlobalSection(ProjectConfigurationPlatforms) = postSolution
		{4EE83A25-D812-4573-8400-67FC4B933AFB}.Debug|Any CPU.ActiveCfg = Debug|Any CPU
		{4EE83A25-D812-4573-8400-67FC4B933AFB}.Debug|Any CPU.Build.0 = Debug|Any CPU
		{4EE83A25-D812-4573-8400-67FC4B933AFB}.Release|Any CPU.ActiveCfg = Release|Any CPU
		{4EE83A25-D812-4573-8400-67FC4B933AFB}.Release|Any CPU.Build.0 = Release|Any CPU
	EndGlobalSection
	GlobalSection(SolutionProperties) = preSolution
		HideSolutionNode = FALSE
	EndGlobalSection
	GlobalSection(ExtensibilityGlobals) = postSolution
		SolutionGuid = {55F939FB-8894-4B50-A71F-BE2A429DB307}
	EndGlobalSection
EndGlobal
