
Microsoft Visual Studio Solution File, Format Version 12.00
# Visual Studio Version 17
VisualStudioVersion = 17.4.33122.133
MinimumVisualStudioVersion = 10.0.40219.1
Project("{FAE04EC0-301F-11D3-BF4B-00C04F79EFBC}") = "Binary_Search", "Binary_Search.csproj", "{D334964C-936F-4FED-A465-51C3B0015A90}"
EndProject
Global
	GlobalSection(SolutionConfigurationPlatforms) = preSolution
		Debug|Any CPU = Debug|Any CPU
		Release|Any CPU = Release|Any CPU
	EndGlobalSection
	GlobalSection(ProjectConfigurationPlatforms) = postSolution
		{D334964C-936F-4FED-A465-51C3B0015A90}.Debug|Any CPU.ActiveCfg = Debug|Any CPU
		{D334964C-936F-4FED-A465-51C3B0015A90}.Debug|Any CPU.Build.0 = Debug|Any CPU
		{D334964C-936F-4FED-A465-51C3B0015A90}.Release|Any CPU.ActiveCfg = Release|Any CPU
		{D334964C-936F-4FED-A465-51C3B0015A90}.Release|Any CPU.Build.0 = Release|Any CPU
	EndGlobalSection
	GlobalSection(SolutionProperties) = preSolution
		HideSolutionNode = FALSE
	EndGlobalSection
	GlobalSection(ExtensibilityGlobals) = postSolution
		SolutionGuid = {8FBBF4C9-DB39-48A6-B25E-A9B578211CAF}
	EndGlobalSection
EndGlobal
