
Microsoft Visual Studio Solution File, Format Version 12.00
# Visual Studio Version 17
VisualStudioVersion = 17.4.33122.133
MinimumVisualStudioVersion = 10.0.40219.1
Project("{FAE04EC0-301F-11D3-BF4B-00C04F79EFBC}") = "Maximum_Depth_Of_Binary_Tree", "Maximum_Depth_Of_Binary_Tree.csproj", "{EB036E99-545E-4FA6-8E06-706B77F41806}"
EndProject
Global
	GlobalSection(SolutionConfigurationPlatforms) = preSolution
		Debug|Any CPU = Debug|Any CPU
		Release|Any CPU = Release|Any CPU
	EndGlobalSection
	GlobalSection(ProjectConfigurationPlatforms) = postSolution
		{EB036E99-545E-4FA6-8E06-706B77F41806}.Debug|Any CPU.ActiveCfg = Debug|Any CPU
		{EB036E99-545E-4FA6-8E06-706B77F41806}.Debug|Any CPU.Build.0 = Debug|Any CPU
		{EB036E99-545E-4FA6-8E06-706B77F41806}.Release|Any CPU.ActiveCfg = Release|Any CPU
		{EB036E99-545E-4FA6-8E06-706B77F41806}.Release|Any CPU.Build.0 = Release|Any CPU
	EndGlobalSection
	GlobalSection(SolutionProperties) = preSolution
		HideSolutionNode = FALSE
	EndGlobalSection
	GlobalSection(ExtensibilityGlobals) = postSolution
		SolutionGuid = {5864B7B8-BA48-4FFE-A913-23D1E1215F32}
	EndGlobalSection
EndGlobal
