
Microsoft Visual Studio Solution File, Format Version 12.00
# Visual Studio Version 17
VisualStudioVersion = 17.4.33122.133
MinimumVisualStudioVersion = 10.0.40219.1
Project("{FAE04EC0-301F-11D3-BF4B-00C04F79EFBC}") = "Single_Number", "Single_Number.csproj", "{FBFA8629-1DB3-4C18-B736-0DE59F9C7978}"
EndProject
Global
	GlobalSection(SolutionConfigurationPlatforms) = preSolution
		Debug|Any CPU = Debug|Any CPU
		Release|Any CPU = Release|Any CPU
	EndGlobalSection
	GlobalSection(ProjectConfigurationPlatforms) = postSolution
		{FBFA8629-1DB3-4C18-B736-0DE59F9C7978}.Debug|Any CPU.ActiveCfg = Debug|Any CPU
		{FBFA8629-1DB3-4C18-B736-0DE59F9C7978}.Debug|Any CPU.Build.0 = Debug|Any CPU
		{FBFA8629-1DB3-4C18-B736-0DE59F9C7978}.Release|Any CPU.ActiveCfg = Release|Any CPU
		{FBFA8629-1DB3-4C18-B736-0DE59F9C7978}.Release|Any CPU.Build.0 = Release|Any CPU
	EndGlobalSection
	GlobalSection(SolutionProperties) = preSolution
		HideSolutionNode = FALSE
	EndGlobalSection
	GlobalSection(ExtensibilityGlobals) = postSolution
		SolutionGuid = {73266B79-85EA-4EE5-8488-6DADD1566130}
	EndGlobalSection
EndGlobal
