
Microsoft Visual Studio Solution File, Format Version 12.00
# Visual Studio Version 17
VisualStudioVersion = 17.8.34408.163
MinimumVisualStudioVersion = 10.0.40219.1
Project("{FAE04EC0-301F-11D3-BF4B-00C04F79EFBC}") = "ExpList", "ExpList.csproj", "{1F24C303-D119-4F2A-BED7-939BE47B6794}"
EndProject
Global
	GlobalSection(SolutionConfigurationPlatforms) = preSolution
		Debug|Any CPU = Debug|Any CPU
		Release|Any CPU = Release|Any CPU
	EndGlobalSection
	GlobalSection(ProjectConfigurationPlatforms) = postSolution
		{1F24C303-D119-4F2A-BED7-939BE47B6794}.Debug|Any CPU.ActiveCfg = Debug|Any CPU
		{1F24C303-D119-4F2A-BED7-939BE47B6794}.Debug|Any CPU.Build.0 = Debug|Any CPU
		{1F24C303-D119-4F2A-BED7-939BE47B6794}.Release|Any CPU.ActiveCfg = Release|Any CPU
		{1F24C303-D119-4F2A-BED7-939BE47B6794}.Release|Any CPU.Build.0 = Release|Any CPU
	EndGlobalSection
	GlobalSection(SolutionProperties) = preSolution
		HideSolutionNode = FALSE
	EndGlobalSection
	GlobalSection(ExtensibilityGlobals) = postSolution
		SolutionGuid = {DD4ED308-66A1-495F-A21C-6F88ACEE026B}
	EndGlobalSection
EndGlobal
