
Microsoft Visual Studio Solution File, Format Version 12.00
# Visual Studio Version 17
VisualStudioVersion = 17.4.33122.133
MinimumVisualStudioVersion = 10.0.40219.1
Project("{FAE04EC0-301F-11D3-BF4B-00C04F79EFBC}") = "MajorityEvenElement", "MajorityEvenElement.csproj", "{750676BA-EE9D-4145-8D75-D14026467A9D}"
EndProject
Global
	GlobalSection(SolutionConfigurationPlatforms) = preSolution
		Debug|Any CPU = Debug|Any CPU
		Release|Any CPU = Release|Any CPU
	EndGlobalSection
	GlobalSection(ProjectConfigurationPlatforms) = postSolution
		{750676BA-EE9D-4145-8D75-D14026467A9D}.Debug|Any CPU.ActiveCfg = Debug|Any CPU
		{750676BA-EE9D-4145-8D75-D14026467A9D}.Debug|Any CPU.Build.0 = Debug|Any CPU
		{750676BA-EE9D-4145-8D75-D14026467A9D}.Release|Any CPU.ActiveCfg = Release|Any CPU
		{750676BA-EE9D-4145-8D75-D14026467A9D}.Release|Any CPU.Build.0 = Release|Any CPU
	EndGlobalSection
	GlobalSection(SolutionProperties) = preSolution
		HideSolutionNode = FALSE
	EndGlobalSection
	GlobalSection(ExtensibilityGlobals) = postSolution
		SolutionGuid = {12EDD356-6B32-4001-BAF4-1B70C084FA1B}
	EndGlobalSection
EndGlobal
